// !$*UTF8*$!
{
	archiveVersion = 1;
	classes = {
	};
	objectVersion = 48;
	objects = {

/* Begin PBXBuildFile section */
		1B7CED2620847BCC00A569C6 /* AddViewController.m in Sources */ = {isa = PBXBuildFile; fileRef = 1B7CED2520847BCC00A569C6 /* AddViewController.m */; };
		1B7CED2920847C6500A569C6 /* AlterViewController.m in Sources */ = {isa = PBXBuildFile; fileRef = 1B7CED2820847C6500A569C6 /* AlterViewController.m */; };
		1B9F08C3207C651400376EFB /* AppDelegate.m in Sources */ = {isa = PBXBuildFile; fileRef = 1B9F08C2207C651400376EFB /* AppDelegate.m */; };
		1B9F08C6207C651400376EFB /* ViewController.m in Sources */ = {isa = PBXBuildFile; fileRef = 1B9F08C5207C651400376EFB /* ViewController.m */; };
		1B9F08C9207C651400376EFB /* Main.storyboard in Resources */ = {isa = PBXBuildFile; fileRef = 1B9F08C7207C651400376EFB /* Main.storyboard */; };
		1B9F08CB207C651400376EFB /* Assets.xcassets in Resources */ = {isa = PBXBuildFile; fileRef = 1B9F08CA207C651400376EFB /* Assets.xcassets */; };
		1B9F08CE207C651400376EFB /* LaunchScreen.storyboard in Resources */ = {isa = PBXBuildFile; fileRef = 1B9F08CC207C651400376EFB /* LaunchScreen.storyboard */; };
		1B9F08D1207C651400376EFB /* main.m in Sources */ = {isa = PBXBuildFile; fileRef = 1B9F08D0207C651400376EFB /* main.m */; };
		1B9F08DB207C651400376EFB /* FMDBDEMOTests.m in Sources */ = {isa = PBXBuildFile; fileRef = 1B9F08DA207C651400376EFB /* FMDBDEMOTests.m */; };
		1B9F08E6207C651400376EFB /* FMDBDEMOUITests.m in Sources */ = {isa = PBXBuildFile; fileRef = 1B9F08E5207C651400376EFB /* FMDBDEMOUITests.m */; };
		1B9F08FF207C668400376EFB /* FMDatabase.m in Sources */ = {isa = PBXBuildFile; fileRef = 1B9F08F5207C668400376EFB /* FMDatabase.m */; };
		1B9F0900207C668400376EFB /* FMDatabaseAdditions.m in Sources */ = {isa = PBXBuildFile; fileRef = 1B9F08F7207C668400376EFB /* FMDatabaseAdditions.m */; };
		1B9F0901207C668400376EFB /* FMDatabasePool.m in Sources */ = {isa = PBXBuildFile; fileRef = 1B9F08F9207C668400376EFB /* FMDatabasePool.m */; };
		1B9F0902207C668400376EFB /* FMDatabaseQueue.m in Sources */ = {isa = PBXBuildFile; fileRef = 1B9F08FB207C668400376EFB /* FMDatabaseQueue.m */; };
		1B9F0903207C668400376EFB /* FMResultSet.m in Sources */ = {isa = PBXBuildFile; fileRef = 1B9F08FE207C668400376EFB /* FMResultSet.m */; };
		1B9F0906207C8BFC00376EFB /* NavView.m in Sources */ = {isa = PBXBuildFile; fileRef = 1B9F0905207C8BFC00376EFB /* NavView.m */; };
/* End PBXBuildFile section */

/* Begin PBXContainerItemProxy section */
		1B9F08D7207C651400376EFB /* PBXContainerItemProxy */ = {
			isa = PBXContainerItemProxy;
			containerPortal = 1B9F08B6207C651400376EFB /* Project object */;
			proxyType = 1;
			remoteGlobalIDString = 1B9F08BD207C651400376EFB;
			remoteInfo = FMDBDEMO;
		};
		1B9F08E2207C651400376EFB /* PBXContainerItemProxy */ = {
			isa = PBXContainerItemProxy;
			containerPortal = 1B9F08B6207C651400376EFB /* Project object */;
			proxyType = 1;
			remoteGlobalIDString = 1B9F08BD207C651400376EFB;
			remoteInfo = FMDBDEMO;
		};
/* End PBXContainerItemProxy section */

/* Begin PBXFileReference section */
		1B7CED2420847BCC00A569C6 /* AddViewController.h */ = {isa = PBXFileReference; lastKnownFileType = sourcecode.c.h; path = AddViewController.h; sourceTree = "<group>"; };
		1B7CED2520847BCC00A569C6 /* AddViewController.m */ = {isa = PBXFileReference; lastKnownFileType = sourcecode.c.objc; path = AddViewController.m; sourceTree = "<group>"; };
		1B7CED2720847C6500A569C6 /* AlterViewController.h */ = {isa = PBXFileReference; lastKnownFileType = sourcecode.c.h; path = AlterViewController.h; sourceTree = "<group>"; };
		1B7CED2820847C6500A569C6 /* AlterViewController.m */ = {isa = PBXFileReference; lastKnownFileType = sourcecode.c.objc; path = AlterViewController.m; sourceTree = "<group>"; };
		1B9F08BE207C651400376EFB /* FMDBDEMO.app */ = {isa = PBXFileReference; explicitFileType = wrapper.application; includeInIndex = 0; path = FMDBDEMO.app; sourceTree = BUILT_PRODUCTS_DIR; };
		1B9F08C1207C651400376EFB /* AppDelegate.h */ = {isa = PBXFileReference; lastKnownFileType = sourcecode.c.h; path = AppDelegate.h; sourceTree = "<group>"; };
		1B9F08C2207C651400376EFB /* AppDelegate.m */ = {isa = PBXFileReference; lastKnownFileType = sourcecode.c.objc; path = AppDelegate.m; sourceTree = "<group>"; };
		1B9F08C4207C651400376EFB /* ViewController.h */ = {isa = PBXFileReference; lastKnownFileType = sourcecode.c.h; path = ViewController.h; sourceTree = "<group>"; };
		1B9F08C5207C651400376EFB /* ViewController.m */ = {isa = PBXFileReference; lastKnownFileType = sourcecode.c.objc; path = ViewController.m; sourceTree = "<group>"; };
		1B9F08C8207C651400376EFB /* Base */ = {isa = PBXFileReference; lastKnownFileType = file.storyboard; name = Base; path = Base.lproj/Main.storyboard; sourceTree = "<group>"; };
		1B9F08CA207C651400376EFB /* Assets.xcassets */ = {isa = PBXFileReference; lastKnownFileType = folder.assetcatalog; path = Assets.xcassets; sourceTree = "<group>"; };
		1B9F08CD207C651400376EFB /* Base */ = {isa = PBXFileReference; lastKnownFileType = file.storyboard; name = Base; path = Base.lproj/LaunchScreen.storyboard; sourceTree = "<group>"; };
		1B9F08CF207C651400376EFB /* Info.plist */ = {isa = PBXFileReference; lastKnownFileType = text.plist.xml; path = Info.plist; sourceTree = "<group>"; };
		1B9F08D0207C651400376EFB /* main.m */ = {isa = PBXFileReference; lastKnownFileType = sourcecode.c.objc; path = main.m; sourceTree = "<group>"; };
		1B9F08D6207C651400376EFB /* FMDBDEMOTests.xctest */ = {isa = PBXFileReference; explicitFileType = wrapper.cfbundle; includeInIndex = 0; path = FMDBDEMOTests.xctest; sourceTree = BUILT_PRODUCTS_DIR; };
		1B9F08DA207C651400376EFB /* FMDBDEMOTests.m */ = {isa = PBXFileReference; lastKnownFileType = sourcecode.c.objc; path = FMDBDEMOTests.m; sourceTree = "<group>"; };
		1B9F08DC207C651400376EFB /* Info.plist */ = {isa = PBXFileReference; lastKnownFileType = text.plist.xml; path = Info.plist; sourceTree = "<group>"; };
		1B9F08E1207C651400376EFB /* FMDBDEMOUITests.xctest */ = {isa = PBXFileReference; explicitFileType = wrapper.cfbundle; includeInIndex = 0; path = FMDBDEMOUITests.xctest; sourceTree = BUILT_PRODUCTS_DIR; };
		1B9F08E5207C651400376EFB /* FMDBDEMOUITests.m */ = {isa = PBXFileReference; lastKnownFileType = sourcecode.c.objc; path = FMDBDEMOUITests.m; sourceTree = "<group>"; };
		1B9F08E7207C651400376EFB /* Info.plist */ = {isa = PBXFileReference; lastKnownFileType = text.plist.xml; path = Info.plist; sourceTree = "<group>"; };
		1B9F08F4207C668400376EFB /* FMDatabase.h */ = {isa = PBXFileReference; fileEncoding = 4; lastKnownFileType = sourcecode.c.h; path = FMDatabase.h; sourceTree = "<group>"; };
		1B9F08F5207C668400376EFB /* FMDatabase.m */ = {isa = PBXFileReference; fileEncoding = 4; lastKnownFileType = sourcecode.c.objc; path = FMDatabase.m; sourceTree = "<group>"; };
		1B9F08F6207C668400376EFB /* FMDatabaseAdditions.h */ = {isa = PBXFileReference; fileEncoding = 4; lastKnownFileType = sourcecode.c.h; path = FMDatabaseAdditions.h; sourceTree = "<group>"; };
		1B9F08F7207C668400376EFB /* FMDatabaseAdditions.m */ = {isa = PBXFileReference; fileEncoding = 4; lastKnownFileType = sourcecode.c.objc; path = FMDatabaseAdditions.m; sourceTree = "<group>"; };
		1B9F08F8207C668400376EFB /* FMDatabasePool.h */ = {isa = PBXFileReference; fileEncoding = 4; lastKnownFileType = sourcecode.c.h; path = FMDatabasePool.h; sourceTree = "<group>"; };
		1B9F08F9207C668400376EFB /* FMDatabasePool.m */ = {isa = PBXFileReference; fileEncoding = 4; lastKnownFileType = sourcecode.c.objc; path = FMDatabasePool.m; sourceTree = "<group>"; };
		1B9F08FA207C668400376EFB /* FMDatabaseQueue.h */ = {isa = PBXFileReference; fileEncoding = 4; lastKnownFileType = sourcecode.c.h; path = FMDatabaseQueue.h; sourceTree = "<group>"; };
		1B9F08FB207C668400376EFB /* FMDatabaseQueue.m */ = {isa = PBXFileReference; fileEncoding = 4; lastKnownFileType = sourcecode.c.objc; path = FMDatabaseQueue.m; sourceTree = "<group>"; };
		1B9F08FC207C668400376EFB /* FMDB.h */ = {isa = PBXFileReference; fileEncoding = 4; lastKnownFileType = sourcecode.c.h; path = FMDB.h; sourceTree = "<group>"; };
		1B9F08FD207C668400376EFB /* FMResultSet.h */ = {isa = PBXFileReference; fileEncoding = 4; lastKnownFileType = sourcecode.c.h; path = FMResultSet.h; sourceTree = "<group>"; };
		1B9F08FE207C668400376EFB /* FMResultSet.m */ = {isa = PBXFileReference; fileEncoding = 4; lastKnownFileType = sourcecode.c.objc; path = FMResultSet.m; sourceTree = "<group>"; };
		1B9F0904207C8BFC00376EFB /* NavView.h */ = {isa = PBXFileReference; lastKnownFileType = sourcecode.c.h; path = NavView.h; sourceTree = "<group>"; };
		1B9F0905207C8BFC00376EFB /* NavView.m */ = {isa = PBXFileReference; lastKnownFileType = sourcecode.c.objc; path = NavView.m; sourceTree = "<group>"; };
/* End PBXFileReference section */

/* Begin PBXFrameworksBuildPhase section */
		1B9F08BB207C651400376EFB /* Frameworks */ = {
			isa = PBXFrameworksBuildPhase;
			buildActionMask = 2147483647;
			files = (
			);
			runOnlyForDeploymentPostprocessing = 0;
		};
		1B9F08D3207C651400376EFB /* Frameworks */ = {
			isa = PBXFrameworksBuildPhase;
			buildActionMask = 2147483647;
			files = (
			);
			runOnlyForDeploymentPostprocessing = 0;
		};
		1B9F08DE207C651400376EFB /* Frameworks */ = {
			isa = PBXFrameworksBuildPhase;
			buildActionMask = 2147483647;
			files = (
			);
			runOnlyForDeploymentPostprocessing = 0;
		};
/* End PBXFrameworksBuildPhase section */

/* Begin PBXGroup section */
		1B9F08B5207C651400376EFB = {
			isa = PBXGroup;
			children = (
				1B9F0907207C8C0600376EFB /* ThirdKu */,
				1B9F08F3207C668400376EFB /* FMDB */,
				1B9F08C0207C651400376EFB /* FMDBDEMO */,
				1B9F08D9207C651400376EFB /* FMDBDEMOTests */,
				1B9F08E4207C651400376EFB /* FMDBDEMOUITests */,
				1B9F08BF207C651400376EFB /* Products */,
			);
			sourceTree = "<group>";
		};
		1B9F08BF207C651400376EFB /* Products */ = {
			isa = PBXGroup;
			children = (
				1B9F08BE207C651400376EFB /* FMDBDEMO.app */,
				1B9F08D6207C651400376EFB /* FMDBDEMOTests.xctest */,
				1B9F08E1207C651400376EFB /* FMDBDEMOUITests.xctest */,
			);
			name = Products;
			sourceTree = "<group>";
		};
		1B9F08C0207C651400376EFB /* FMDBDEMO */ = {
			isa = PBXGroup;
			children = (
				1B9F08C1207C651400376EFB /* AppDelegate.h */,
				1B9F08C2207C651400376EFB /* AppDelegate.m */,
				1B9F08C4207C651400376EFB /* ViewController.h */,
				1B9F08C5207C651400376EFB /* ViewController.m */,
				1B7CED2420847BCC00A569C6 /* AddViewController.h */,
				1B7CED2520847BCC00A569C6 /* AddViewController.m */,
				1B7CED2720847C6500A569C6 /* AlterViewController.h */,
				1B7CED2820847C6500A569C6 /* AlterViewController.m */,
				1B9F08C7207C651400376EFB /* Main.storyboard */,
				1B9F08CA207C651400376EFB /* Assets.xcassets */,
				1B9F08CC207C651400376EFB /* LaunchScreen.storyboard */,
				1B9F08CF207C651400376EFB /* Info.plist */,
				1B9F08D0207C651400376EFB /* main.m */,
			);
			path = FMDBDEMO;
			sourceTree = "<group>";
		};
		1B9F08D9207C651400376EFB /* FMDBDEMOTests */ = {
			isa = PBXGroup;
			children = (
				1B9F08DA207C651400376EFB /* FMDBDEMOTests.m */,
				1B9F08DC207C651400376EFB /* Info.plist */,
			);
			path = FMDBDEMOTests;
			sourceTree = "<group>";
		};
		1B9F08E4207C651400376EFB /* FMDBDEMOUITests */ = {
			isa = PBXGroup;
			children = (
				1B9F08E5207C651400376EFB /* FMDBDEMOUITests.m */,
				1B9F08E7207C651400376EFB /* Info.plist */,
			);
			path = FMDBDEMOUITests;
			sourceTree = "<group>";
		};
		1B9F08F3207C668400376EFB /* FMDB */ = {
			isa = PBXGroup;
			children = (
				1B9F08F4207C668400376EFB /* FMDatabase.h */,
				1B9F08F5207C668400376EFB /* FMDatabase.m */,
				1B9F08F6207C668400376EFB /* FMDatabaseAdditions.h */,
				1B9F08F7207C668400376EFB /* FMDatabaseAdditions.m */,
				1B9F08F8207C668400376EFB /* FMDatabasePool.h */,
				1B9F08F9207C668400376EFB /* FMDatabasePool.m */,
				1B9F08FA207C668400376EFB /* FMDatabaseQueue.h */,
				1B9F08FB207C668400376EFB /* FMDatabaseQueue.m */,
				1B9F08FC207C668400376EFB /* FMDB.h */,
				1B9F08FD207C668400376EFB /* FMResultSet.h */,
				1B9F08FE207C668400376EFB /* FMResultSet.m */,
			);
			path = FMDB;
			sourceTree = "<group>";
		};
		1B9F0907207C8C0600376EFB /* ThirdKu */ = {
			isa = PBXGroup;
			children = (
				1B9F0904207C8BFC00376EFB /* NavView.h */,
				1B9F0905207C8BFC00376EFB /* NavView.m */,
			);
			path = ThirdKu;
			sourceTree = "<group>";
		};
/* End PBXGroup section */

/* Begin PBXNativeTarget section */
		1B9F08BD207C651400376EFB /* FMDBDEMO */ = {
			isa = PBXNativeTarget;
			buildConfigurationList = 1B9F08EA207C651400376EFB /* Build configuration list for PBXNativeTarget "FMDBDEMO" */;
			buildPhases = (
				1B9F08BA207C651400376EFB /* Sources */,
				1B9F08BB207C651400376EFB /* Frameworks */,
				1B9F08BC207C651400376EFB /* Resources */,
			);
			buildRules = (
			);
			dependencies = (
			);
			name = FMDBDEMO;
			productName = FMDBDEMO;
			productReference = 1B9F08BE207C651400376EFB /* FMDBDEMO.app */;
			productType = "com.apple.product-type.application";
		};
		1B9F08D5207C651400376EFB /* FMDBDEMOTests */ = {
			isa = PBXNativeTarget;
			buildConfigurationList = 1B9F08ED207C651400376EFB /* Build configuration list for PBXNativeTarget "FMDBDEMOTests" */;
			buildPhases = (
				1B9F08D2207C651400376EFB /* Sources */,
				1B9F08D3207C651400376EFB /* Frameworks */,
				1B9F08D4207C651400376EFB /* Resources */,
			);
			buildRules = (
			);
			dependencies = (
				1B9F08D8207C651400376EFB /* PBXTargetDependency */,
			);
			name = FMDBDEMOTests;
			productName = FMDBDEMOTests;
			productReference = 1B9F08D6207C651400376EFB /* FMDBDEMOTests.xctest */;
			productType = "com.apple.product-type.bundle.unit-test";
		};
		1B9F08E0207C651400376EFB /* FMDBDEMOUITests */ = {
			isa = PBXNativeTarget;
			buildConfigurationList = 1B9F08F0207C651400376EFB /* Build configuration list for PBXNativeTarget "FMDBDEMOUITests" */;
			buildPhases = (
				1B9F08DD207C651400376EFB /* Sources */,
				1B9F08DE207C651400376EFB /* Frameworks */,
				1B9F08DF207C651400376EFB /* Resources */,
			);
			buildRules = (
			);
			dependencies = (
				1B9F08E3207C651400376EFB /* PBXTargetDependency */,
			);
			name = FMDBDEMOUITests;
			productName = FMDBDEMOUITests;
			productReference = 1B9F08E1207C651400376EFB /* FMDBDEMOUITests.xctest */;
			productType = "com.apple.product-type.bundle.ui-testing";
		};
/* End PBXNativeTarget section */

/* Begin PBXProject section */
		1B9F08B6207C651400376EFB /* Project object */ = {
			isa = PBXProject;
			attributes = {
				LastUpgradeCheck = 0910;
				ORGANIZATIONNAME = CJW;
				TargetAttributes = {
					1B9F08BD207C651400376EFB = {
						CreatedOnToolsVersion = 9.1;
						ProvisioningStyle = Automatic;
					};
					1B9F08D5207C651400376EFB = {
						CreatedOnToolsVersion = 9.1;
						ProvisioningStyle = Automatic;
						TestTargetID = 1B9F08BD207C651400376EFB;
					};
					1B9F08E0207C651400376EFB = {
						CreatedOnToolsVersion = 9.1;
						ProvisioningStyle = Automatic;
						TestTargetID = 1B9F08BD207C651400376EFB;
					};
				};
			};
			buildConfigurationList = 1B9F08B9207C651400376EFB /* Build configuration list for PBXProject "FMDBDEMO" */;
			compatibilityVersion = "Xcode 8.0";
			developmentRegion = en;
			hasScannedForEncodings = 0;
			knownRegions = (
				en,
				Base,
			);
			mainGroup = 1B9F08B5207C651400376EFB;
			productRefGroup = 1B9F08BF207C651400376EFB /* Products */;
			projectDirPath = "";
			projectRoot = "";
			targets = (
				1B9F08BD207C651400376EFB /* FMDBDEMO */,
				1B9F08D5207C651400376EFB /* FMDBDEMOTests */,
				1B9F08E0207C651400376EFB /* FMDBDEMOUITests */,
			);
		};
/* End PBXProject section */

/* Begin PBXResourcesBuildPhase section */
		1B9F08BC207C651400376EFB /* Resources */ = {
			isa = PBXResourcesBuildPhase;
			buildActionMask = 2147483647;
			files = (
				1B9F08CE207C651400376EFB /* LaunchScreen.storyboard in Resources */,
				1B9F08CB207C651400376EFB /* Assets.xcassets in Resources */,
				1B9F08C9207C651400376EFB /* Main.storyboard in Resources */,
			);
			runOnlyForDeploymentPostprocessing = 0;
		};
		1B9F08D4207C651400376EFB /* Resources */ = {
			isa = PBXResourcesBuildPhase;
			buildActionMask = 2147483647;
			files = (
			);
			runOnlyForDeploymentPostprocessing = 0;
		};
		1B9F08DF207C651400376EFB /* Resources */ = {
			isa = PBXResourcesBuildPhase;
			buildActionMask = 2147483647;
			files = (
			);
			runOnlyForDeploymentPostprocessing = 0;
		};
/* End PBXResourcesBuildPhase section */

/* Begin PBXSourcesBuildPhase section */
		1B9F08BA207C651400376EFB /* Sources */ = {
			isa = PBXSourcesBuildPhase;
			buildActionMask = 2147483647;
			files = (
				1B7CED2620847BCC00A569C6 /* AddViewController.m in Sources */,
				1B9F08C6207C651400376EFB /* ViewController.m in Sources */,
				1B9F0901207C668400376EFB /* FMDatabasePool.m in Sources */,
				1B9F08D1207C651400376EFB /* main.m in Sources */,
				1B9F0902207C668400376EFB /* FMDatabaseQueue.m in Sources */,
				1B9F08C3207C651400376EFB /* AppDelegate.m in Sources */,
				1B9F0906207C8BFC00376EFB /* NavView.m in Sources */,
				1B9F08FF207C668400376EFB /* FMDatabase.m in Sources */,
				1B9F0903207C668400376EFB /* FMResultSet.m in Sources */,
				1B9F0900207C668400376EFB /* FMDatabaseAdditions.m in Sources */,
				1B7CED2920847C6500A569C6 /* AlterViewController.m in Sources */,
			);
			runOnlyForDeploymentPostprocessing = 0;
		};
		1B9F08D2207C651400376EFB /* Sources */ = {
			isa = PBXSourcesBuildPhase;
			buildActionMask = 2147483647;
			files = (
				1B9F08DB207C651400376EFB /* FMDBDEMOTests.m in Sources */,
			);
			runOnlyForDeploymentPostprocessing = 0;
		};
		1B9F08DD207C651400376EFB /* Sources */ = {
			isa = PBXSourcesBuildPhase;
			buildActionMask = 2147483647;
			files = (
				1B9F08E6207C651400376EFB /* FMDBDEMOUITests.m in Sources */,
			);
			runOnlyForDeploymentPostprocessing = 0;
		};
/* End PBXSourcesBuildPhase section */

/* Begin PBXTargetDependency section */
		1B9F08D8207C651400376EFB /* PBXTargetDependency */ = {
			isa = PBXTargetDependency;
			target = 1B9F08BD207C651400376EFB /* FMDBDEMO */;
			targetProxy = 1B9F08D7207C651400376EFB /* PBXContainerItemProxy */;
		};
		1B9F08E3207C651400376EFB /* PBXTargetDependency */ = {
			isa = PBXTargetDependency;
			target = 1B9F08BD207C651400376EFB /* FMDBDEMO */;
			targetProxy = 1B9F08E2207C651400376EFB /* PBXContainerItemProxy */;
		};
/* End PBXTargetDependency section */

/* Begin PBXVariantGroup section */
		1B9F08C7207C651400376EFB /* Main.storyboard */ = {
			isa = PBXVariantGroup;
			children = (
				1B9F08C8207C651400376EFB /* Base */,
			);
			name = Main.storyboard;
			sourceTree = "<group>";
		};
		1B9F08CC207C651400376EFB /* LaunchScreen.storyboard */ = {
			isa = PBXVariantGroup;
			children = (
				1B9F08CD207C651400376EFB /* Base */,
			);
			name = LaunchScreen.storyboard;
			sourceTree = "<group>";
		};
/* End PBXVariantGroup section */

/* Begin XCBuildConfiguration section */
		1B9F08E8207C651400376EFB /* Debug */ = {
			isa = XCBuildConfiguration;
			buildSettings = {
				ALWAYS_SEARCH_USER_PATHS = NO;
				CLANG_ANALYZER_NONNULL = YES;
				CLANG_ANALYZER_NUMBER_OBJECT_CONVERSION = YES_AGGRESSIVE;
				CLANG_CXX_LANGUAGE_STANDARD = "gnu++14";
				CLANG_CXX_LIBRARY = "libc++";
				CLANG_ENABLE_MODULES = YES;
				CLANG_ENABLE_OBJC_ARC = YES;
				CLANG_WARN_BLOCK_CAPTURE_AUTORELEASING = YES;
				CLANG_WARN_BOOL_CONVERSION = YES;
				CLANG_WARN_COMMA = YES;
				CLANG_WARN_CONSTANT_CONVERSION = YES;
				CLANG_WARN_DIRECT_OBJC_ISA_USAGE = YES_ERROR;
				CLANG_WARN_DOCUMENTATION_COMMENTS = YES;
				CLANG_WARN_EMPTY_BODY = YES;
				CLANG_WARN_ENUM_CONVERSION = YES;
				CLANG_WARN_INFINITE_RECURSION = YES;
				CLANG_WARN_INT_CONVERSION = YES;
				CLANG_WARN_NON_LITERAL_NULL_CONVERSION = YES;
				CLANG_WARN_OBJC_LITERAL_CONVERSION = YES;
				CLANG_WARN_OBJC_ROOT_CLASS = YES_ERROR;
				CLANG_WARN_RANGE_LOOP_ANALYSIS = YES;
				CLANG_WARN_STRICT_PROTOTYPES = YES;
				CLANG_WARN_SUSPICIOUS_MOVE = YES;
				CLANG_WARN_UNGUARDED_AVAILABILITY = YES_AGGRESSIVE;
				CLANG_WARN_UNREACHABLE_CODE = YES;
				CLANG_WARN__DUPLICATE_METHOD_MATCH = YES;
				CODE_SIGN_IDENTITY = "iPhone Developer";
				COPY_PHASE_STRIP = NO;
				DEBUG_INFORMATION_FORMAT = dwarf;
				ENABLE_STRICT_OBJC_MSGSEND = YES;
				ENABLE_TESTABILITY = YES;
				GCC_C_LANGUAGE_STANDARD = gnu11;
				GCC_DYNAMIC_NO_PIC = NO;
				GCC_NO_COMMON_BLOCKS = YES;
				GCC_OPTIMIZATION_LEVEL = 0;
				GCC_PREPROCESSOR_DEFINITIONS = (
					"DEBUG=1",
					"$(inherited)",
				);
				GCC_WARN_64_TO_32_BIT_CONVERSION = YES;
				GCC_WARN_ABOUT_RETURN_TYPE = YES_ERROR;
				GCC_WARN_UNDECLARED_SELECTOR = YES;
				GCC_WARN_UNINITIALIZED_AUTOS = YES_AGGRESSIVE;
				GCC_WARN_UNUSED_FUNCTION = YES;
				GCC_WARN_UNUSED_VARIABLE = YES;
				IPHONEOS_DEPLOYMENT_TARGET = 11.1;
				MTL_ENABLE_DEBUG_INFO = YES;
				ONLY_ACTIVE_ARCH = YES;
				SDKROOT = iphoneos;
			};
			name = Debug;
		};
		1B9F08E9207C651400376EFB /* Release */ = {
			isa = XCBuildConfiguration;
			buildSettings = {
				ALWAYS_SEARCH_USER_PATHS = NO;
				CLANG_ANALYZER_NONNULL = YES;
				CLANG_ANALYZER_NUMBER_OBJECT_CONVERSION = YES_AGGRESSIVE;
				CLANG_CXX_LANGUAGE_STANDARD = "gnu++14";
				CLANG_CXX_LIBRARY = "libc++";
				CLANG_ENABLE_MODULES = YES;
				CLANG_ENABLE_OBJC_ARC = YES;
				CLANG_WARN_BLOCK_CAPTURE_AUTORELEASING = YES;
				CLANG_WARN_BOOL_CONVERSION = YES;
				CLANG_WARN_COMMA = YES;
				CLANG_WARN_CONSTANT_CONVERSION = YES;
				CLANG_WARN_DIRECT_OBJC_ISA_USAGE = YES_ERROR;
				CLANG_WARN_DOCUMENTATION_COMMENTS = YES;
				CLANG_WARN_EMPTY_BODY = YES;
				CLANG_WARN_ENUM_CONVERSION = YES;
				CLANG_WARN_INFINITE_RECURSION = YES;
				CLANG_WARN_INT_CONVERSION = YES;
				CLANG_WARN_NON_LITERAL_NULL_CONVERSION = YES;
				CLANG_WARN_OBJC_LITERAL_CONVERSION = YES;
				CLANG_WARN_OBJC_ROOT_CLASS = YES_ERROR;
				CLANG_WARN_RANGE_LOOP_ANALYSIS = YES;
				CLANG_WARN_STRICT_PROTOTYPES = YES;
				CLANG_WARN_SUSPICIOUS_MOVE = YES;
				CLANG_WARN_UNGUARDED_AVAILABILITY = YES_AGGRESSIVE;
				CLANG_WARN_UNREACHABLE_CODE = YES;
				CLANG_WARN__DUPLICATE_METHOD_MATCH = YES;
				CODE_SIGN_IDENTITY = "iPhone Developer";
				COPY_PHASE_STRIP = NO;
				DEBUG_INFORMATION_FORMAT = "dwarf-with-dsym";
				ENABLE_NS_ASSERTIONS = NO;
				ENABLE_STRICT_OBJC_MSGSEND = YES;
				GCC_C_LANGUAGE_STANDARD = gnu11;
				GCC_NO_COMMON_BLOCKS = YES;
				GCC_WARN_64_TO_32_BIT_CONVERSION = YES;
				GCC_WARN_ABOUT_RETURN_TYPE = YES_ERROR;
				GCC_WARN_UNDECLARED_SELECTOR = YES;
				GCC_WARN_UNINITIALIZED_AUTOS = YES_AGGRESSIVE;
				GCC_WARN_UNUSED_FUNCTION = YES;
				GCC_WARN_UNUSED_VARIABLE = YES;
				IPHONEOS_DEPLOYMENT_TARGET = 11.1;
				MTL_ENABLE_DEBUG_INFO = NO;
				SDKROOT = iphoneos;
				VALIDATE_PRODUCT = YES;
			};
			name = Release;
		};
		1B9F08EB207C651400376EFB /* Debug */ = {
			isa = XCBuildConfiguration;
			buildSettings = {
				ASSETCATALOG_COMPILER_APPICON_NAME = AppIcon;
				CODE_SIGN_STYLE = Automatic;
				INFOPLIST_FILE = FMDBDEMO/Info.plist;
				LD_RUNPATH_SEARCH_PATHS = "$(inherited) @executable_path/Frameworks";
				PRODUCT_BUNDLE_IDENTIFIER = comzjfae.newapp.FMDBDEMO;
				PRODUCT_NAME = "$(TARGET_NAME)";
				TARGETED_DEVICE_FAMILY = "1,2";
			};
			name = Debug;
		};
		1B9F08EC207C651400376EFB /* Release */ = {
			isa = XCBuildConfiguration;
			buildSettings = {
				ASSETCATALOG_COMPILER_APPICON_NAME = AppIcon;
				CODE_SIGN_STYLE = Automatic;
				INFOPLIST_FILE = FMDBDEMO/Info.plist;
				LD_RUNPATH_SEARCH_PATHS = "$(inherited) @executable_path/Frameworks";
				PRODUCT_BUNDLE_IDENTIFIER = comzjfae.newapp.FMDBDEMO;
				PRODUCT_NAME = "$(TARGET_NAME)";
				TARGETED_DEVICE_FAMILY = "1,2";
			};
			name = Release;
		};
		1B9F08EE207C651400376EFB /* Debug */ = {
			isa = XCBuildConfiguration;
			buildSettings = {
				BUNDLE_LOADER = "$(TEST_HOST)";
				CODE_SIGN_STYLE = Automatic;
				INFOPLIST_FILE = FMDBDEMOTests/Info.plist;
				LD_RUNPATH_SEARCH_PATHS = "$(inherited) @executable_path/Frameworks @loader_path/Frameworks";
				PRODUCT_BUNDLE_IDENTIFIER = comzjfae.newapp.FMDBDEMOTests;
				PRODUCT_NAME = "$(TARGET_NAME)";
				TARGETED_DEVICE_FAMILY = "1,2";
				TEST_HOST = "$(BUILT_PRODUCTS_DIR)/FMDBDEMO.app/FMDBDEMO";
			};
			name = Debug;
		};
		1B9F08EF207C651400376EFB /* Release */ = {
			isa = XCBuildConfiguration;
			buildSettings = {
				BUNDLE_LOADER = "$(TEST_HOST)";
				CODE_SIGN_STYLE = Automatic;
				INFOPLIST_FILE = FMDBDEMOTests/Info.plist;
				LD_RUNPATH_SEARCH_PATHS = "$(inherited) @executable_path/Frameworks @loader_path/Frameworks";
				PRODUCT_BUNDLE_IDENTIFIER = comzjfae.newapp.FMDBDEMOTests;
				PRODUCT_NAME = "$(TARGET_NAME)";
				TARGETED_DEVICE_FAMILY = "1,2";
				TEST_HOST = "$(BUILT_PRODUCTS_DIR)/FMDBDEMO.app/FMDBDEMO";
			};
			name = Release;
		};
		1B9F08F1207C651400376EFB /* Debug */ = {
			isa = XCBuildConfiguration;
			buildSettings = {
				CODE_SIGN_STYLE = Automatic;
				INFOPLIST_FILE = FMDBDEMOUITests/Info.plist;
				LD_RUNPATH_SEARCH_PATHS = "$(inherited) @executable_path/Frameworks @loader_path/Frameworks";
				PRODUCT_BUNDLE_IDENTIFIER = comzjfae.newapp.FMDBDEMOUITests;
				PRODUCT_NAME = "$(TARGET_NAME)";
				TARGETED_DEVICE_FAMILY = "1,2";
				TEST_TARGET_NAME = FMDBDEMO;
			};
			name = Debug;
		};
		1B9F08F2207C651400376EFB /* Release */ = {
			isa = XCBuildConfiguration;
			buildSettings = {
				CODE_SIGN_STYLE = Automatic;
				INFOPLIST_FILE = FMDBDEMOUITests/Info.plist;
				LD_RUNPATH_SEARCH_PATHS = "$(inherited) @executable_path/Frameworks @loader_path/Frameworks";
				PRODUCT_BUNDLE_IDENTIFIER = comzjfae.newapp.FMDBDEMOUITests;
				PRODUCT_NAME = "$(TARGET_NAME)";
				TARGETED_DEVICE_FAMILY = "1,2";
				TEST_TARGET_NAME = FMDBDEMO;
			};
			name = Release;
		};
/* End XCBuildConfiguration section */

/* Begin XCConfigurationList section */
		1B9F08B9207C651400376EFB /* Build configuration list for PBXProject "FMDBDEMO" */ = {
			isa = XCConfigurationList;
			buildConfigurations = (
				1B9F08E8207C651400376EFB /* Debug */,
				1B9F08E9207C651400376EFB /* Release */,
			);
			defaultConfigurationIsVisible = 0;
			defaultConfigurationName = Release;
		};
		1B9F08EA207C651400376EFB /* Build configuration list for PBXNativeTarget "FMDBDEMO" */ = {
			isa = XCConfigurationList;
			buildConfigurations = (
				1B9F08EB207C651400376EFB /* Debug */,
				1B9F08EC207C651400376EFB /* Release */,
			);
			defaultConfigurationIsVisible = 0;
			defaultConfigurationName = Release;
		};
		1B9F08ED207C651400376EFB /* Build configuration list for PBXNativeTarget "FMDBDEMOTests" */ = {
			isa = XCConfigurationList;
			buildConfigurations = (
				1B9F08EE207C651400376EFB /* Debug */,
				1B9F08EF207C651400376EFB /* Release */,
			);
			defaultConfigurationIsVisible = 0;
			defaultConfigurationName = Release;
		};
		1B9F08F0207C651400376EFB /* Build configuration list for PBXNativeTarget "FMDBDEMOUITests" */ = {
			isa = XCConfigurationList;
			buildConfigurations = (
				1B9F08F1207C651400376EFB /* Debug */,
				1B9F08F2207C651400376EFB /* Release */,
			);
			defaultConfigurationIsVisible = 0;
			defaultConfigurationName = Release;
		};
/* End XCConfigurationList section */
	};
	rootObject = 1B9F08B6207C651400376EFB /* Project object */;
}
